
Microsoft Visual Studio Solution File, Format Version 12.00
# Visual Studio Version 16
VisualStudioVersion = 16.0.31702.278
MinimumVisualStudioVersion = 10.0.40219.1
Project("{8BC9CEB8-8B4A-11D0-8D11-00A0C91BC942}") = "Engine", "Engine\Engine.vcxproj", "{B5A38E6D-CF95-4C7C-A1EA-021257232481}"
EndProject
Project("{8BC9CEB8-8B4A-11D0-8D11-00A0C91BC942}") = "Sandbox", "Sandbox\Sandbox.vcxproj", "{5C6C1F7D-02E8-4125-AD64-CDEEE6062224}"
EndProject
Project("{8BC9CEB8-8B4A-11D0-8D11-00A0C91BC942}") = "testbed", "testbed\testbed.vcxproj", "{EA00DB79-CF3E-4073-80DB-99E060322491}"
EndProject
Project("{8BC9CEB8-8B4A-11D0-8D11-00A0C91BC942}") = "RubicsCubeSample", "RubicsCubeSample\RubicsCubeSample.vcxproj", "{588D2FE8-B22B-4B8E-9D22-551EB179163A}"
EndProject
Project("{8BC9CEB8-8B4A-11D0-8D11-00A0C91BC942}") = "RubiksCubeTester", "RubiksCubeTester\RubiksCubeTester.vcxproj", "{C4CDA8CC-B10D-44A3-8E5E-E074EA5E084D}"
EndProject
Project("{8BC9CEB8-8B4A-11D0-8D11-00A0C91BC942}") = "ImguiDemo", "ImguiDemo\ImguiDemo.vcxproj", "{C6EDADD7-B36C-4375-B624-851656C2CBFB}"
EndProject
Global
	GlobalSection(SolutionConfigurationPlatforms) = preSolution
		Debug|x64 = Debug|x64
		Debug|x86 = Debug|x86
		Release|x64 = Release|x64
		Release|x86 = Release|x86
	EndGlobalSection
	GlobalSection(ProjectConfigurationPlatforms) = postSolution
		{B5A38E6D-CF95-4C7C-A1EA-021257232481}.Debug|x64.ActiveCfg = Debug|x64
		{B5A38E6D-CF95-4C7C-A1EA-021257232481}.Debug|x64.Build.0 = Debug|x64
		{B5A38E6D-CF95-4C7C-A1EA-021257232481}.Debug|x86.ActiveCfg = Debug|x64
		{B5A38E6D-CF95-4C7C-A1EA-021257232481}.Release|x64.ActiveCfg = Release|x64
		{B5A38E6D-CF95-4C7C-A1EA-021257232481}.Release|x64.Build.0 = Release|x64
		{B5A38E6D-CF95-4C7C-A1EA-021257232481}.Release|x86.ActiveCfg = Release|x64
		{5C6C1F7D-02E8-4125-AD64-CDEEE6062224}.Debug|x64.ActiveCfg = Debug|x64
		{5C6C1F7D-02E8-4125-AD64-CDEEE6062224}.Debug|x64.Build.0 = Debug|x64
		{5C6C1F7D-02E8-4125-AD64-CDEEE6062224}.Debug|x86.ActiveCfg = Debug|Win32
		{5C6C1F7D-02E8-4125-AD64-CDEEE6062224}.Debug|x86.Build.0 = Debug|Win32
		{5C6C1F7D-02E8-4125-AD64-CDEEE6062224}.Release|x64.ActiveCfg = Release|x64
		{5C6C1F7D-02E8-4125-AD64-CDEEE6062224}.Release|x64.Build.0 = Release|x64
		{5C6C1F7D-02E8-4125-AD64-CDEEE6062224}.Release|x86.ActiveCfg = Release|Win32
		{5C6C1F7D-02E8-4125-AD64-CDEEE6062224}.Release|x86.Build.0 = Release|Win32
		{EA00DB79-CF3E-4073-80DB-99E060322491}.Debug|x64.ActiveCfg = Debug|x64
		{EA00DB79-CF3E-4073-80DB-99E060322491}.Debug|x64.Build.0 = Debug|x64
		{EA00DB79-CF3E-4073-80DB-99E060322491}.Debug|x86.ActiveCfg = Debug|Win32
		{EA00DB79-CF3E-4073-80DB-99E060322491}.Debug|x86.Build.0 = Debug|Win32
		{EA00DB79-CF3E-4073-80DB-99E060322491}.Release|x64.ActiveCfg = Release|x64
		{EA00DB79-CF3E-4073-80DB-99E060322491}.Release|x64.Build.0 = Release|x64
		{EA00DB79-CF3E-4073-80DB-99E060322491}.Release|x86.ActiveCfg = Release|Win32
		{EA00DB79-CF3E-4073-80DB-99E060322491}.Release|x86.Build.0 = Release|Win32
		{588D2FE8-B22B-4B8E-9D22-551EB179163A}.Debug|x64.ActiveCfg = Debug|x64
		{588D2FE8-B22B-4B8E-9D22-551EB179163A}.Debug|x64.Build.0 = Debug|x64
		{588D2FE8-B22B-4B8E-9D22-551EB179163A}.Debug|x86.ActiveCfg = Debug|Win32
		{588D2FE8-B22B-4B8E-9D22-551EB179163A}.Debug|x86.Build.0 = Debug|Win32
		{588D2FE8-B22B-4B8E-9D22-551EB179163A}.Release|x64.ActiveCfg = Release|x64
		{588D2FE8-B22B-4B8E-9D22-551EB179163A}.Release|x64.Build.0 = Release|x64
		{588D2FE8-B22B-4B8E-9D22-551EB179163A}.Release|x86.ActiveCfg = Release|Win32
		{588D2FE8-B22B-4B8E-9D22-551EB179163A}.Release|x86.Build.0 = Release|Win32
		{C4CDA8CC-B10D-44A3-8E5E-E074EA5E084D}.Debug|x64.ActiveCfg = Debug|x64
		{C4CDA8CC-B10D-44A3-8E5E-E074EA5E084D}.Debug|x64.Build.0 = Debug|x64
		{C4CDA8CC-B10D-44A3-8E5E-E074EA5E084D}.Debug|x86.ActiveCfg = Debug|Win32
		{C4CDA8CC-B10D-44A3-8E5E-E074EA5E084D}.Debug|x86.Build.0 = Debug|Win32
		{C4CDA8CC-B10D-44A3-8E5E-E074EA5E084D}.Release|x64.ActiveCfg = Release|x64
		{C4CDA8CC-B10D-44A3-8E5E-E074EA5E084D}.Release|x64.Build.0 = Release|x64
		{C4CDA8CC-B10D-44A3-8E5E-E074EA5E084D}.Release|x86.ActiveCfg = Release|Win32
		{C4CDA8CC-B10D-44A3-8E5E-E074EA5E084D}.Release|x86.Build.0 = Release|Win32
		{C6EDADD7-B36C-4375-B624-851656C2CBFB}.Debug|x64.ActiveCfg = Debug|x64
		{C6EDADD7-B36C-4375-B624-851656C2CBFB}.Debug|x64.Build.0 = Debug|x64
		{C6EDADD7-B36C-4375-B624-851656C2CBFB}.Debug|x86.ActiveCfg = Debug|Win32
		{C6EDADD7-B36C-4375-B624-851656C2CBFB}.Debug|x86.Build.0 = Debug|Win32
		{C6EDADD7-B36C-4375-B624-851656C2CBFB}.Release|x64.ActiveCfg = Release|x64
		{C6EDADD7-B36C-4375-B624-851656C2CBFB}.Release|x64.Build.0 = Release|x64
		{C6EDADD7-B36C-4375-B624-851656C2CBFB}.Release|x86.ActiveCfg = Release|Win32
		{C6EDADD7-B36C-4375-B624-851656C2CBFB}.Release|x86.Build.0 = Release|Win32
	EndGlobalSection
	GlobalSection(SolutionProperties) = preSolution
		HideSolutionNode = FALSE
	EndGlobalSection
	GlobalSection(ExtensibilityGlobals) = postSolution
		SolutionGuid = {3EC0F91D-6176-4E0A-95E0-41DADCB6639A}
	EndGlobalSection
EndGlobal
