<?xml version="1.0" encoding="utf-8"?>
<Project ToolsVersion="4.0" xmlns="http://schemas.microsoft.com/developer/msbuild/2003">
  <ItemGroup>
    <ClCompile Include="src\Context.cpp">
      <Filter>src\Core</Filter>
    </ClCompile>
    <ClCompile Include="src\DirectionalLight.cpp">
      <Filter>src\Graphics\Lights</Filter>
    </ClCompile>
    <ClCompile Include="src\EditorCamera.cpp">
      <Filter>src\Graphics\Cameras</Filter>
    </ClCompile>
    <ClCompile Include="src\ElementBufferObject.cpp">
      <Filter>src\Graphics\Buffers</Filter>
    </ClCompile>
    <ClCompile Include="src\Engine.cpp">
      <Filter>src\Core</Filter>
    </ClCompile>
    <ClCompile Include="src\FlyCamera.cpp">
      <Filter>src\Graphics\Cameras</Filter>
    </ClCompile>
    <ClCompile Include="src\FrameBufferObject.cpp">
      <Filter>src\Graphics\Buffers</Filter>
    </ClCompile>
    <ClCompile Include="src\FileUtil.cpp">
      <Filter>src\Utils\IO</Filter>
    </ClCompile>
    <ClCompile Include="src\Grid.cpp">
      <Filter>src\Graphics\Models</Filter>
    </ClCompile>
    <ClCompile Include="src\Input.cpp">
      <Filter>src\IO</Filter>
    </ClCompile>
    <ClCompile Include="src\Keyboard.cpp">
      <Filter>src\IO</Filter>
    </ClCompile>
    <ClCompile Include="src\Light.cpp">
      <Filter>src\Graphics\Lights</Filter>
    </ClCompile>
    <ClCompile Include="src\LinearAlgebraUtil.cpp">
      <Filter>src\Utils\Math</Filter>
    </ClCompile>
    <ClCompile Include="src\Material.cpp">
      <Filter>src\Graphics\Shaders</Filter>
    </ClCompile>
    <ClCompile Include="src\Mesh.cpp">
      <Filter>src\Graphics\Geometry</Filter>
    </ClCompile>
    <ClCompile Include="src\Model.cpp">
      <Filter>src\Graphics\Models</Filter>
    </ClCompile>
    <ClCompile Include="src\Mouse.cpp">
      <Filter>src\IO</Filter>
    </ClCompile>
    <ClCompile Include="src\ObjectSelection.cpp">
      <Filter>src\Graphics\Services</Filter>
    </ClCompile>
    <ClCompile Include="src\PointLight.cpp">
      <Filter>src\Graphics\Lights</Filter>
    </ClCompile>
    <ClCompile Include="src\Shader.cpp">
      <Filter>src\Graphics\Shaders</Filter>
    </ClCompile>
    <ClCompile Include="src\VertexArrayObject.cpp">
      <Filter>src\Graphics\Buffers</Filter>
    </ClCompile>
    <ClCompile Include="src\VertexBufferLayout.cpp">
      <Filter>src\Graphics\Buffers</Filter>
    </ClCompile>
    <ClCompile Include="src\VertexBufferObject.cpp">
      <Filter>src\Graphics\Buffers</Filter>
    </ClCompile>
    <ClCompile Include="src\Skybox.cpp">
      <Filter>src\Graphics\Models</Filter>
    </ClCompile>
    <ClCompile Include="src\Renderer.cpp">
      <Filter>src\Graphics\Renderers</Filter>
    </ClCompile>
    <ClCompile Include="src\Renderer2D.cpp">
      <Filter>src\Graphics\Renderers</Filter>
    </ClCompile>
    <ClCompile Include="src\SkyboxRenderer.cpp">
      <Filter>src\Graphics\Renderers</Filter>
    </ClCompile>
    <ClCompile Include="src\Scene.cpp">
      <Filter>src\Core</Filter>
    </ClCompile>
    <ClCompile Include="src\RenderBufferObject.cpp">
      <Filter>src\Graphics\Buffers</Filter>
    </ClCompile>
    <ClCompile Include="src\ScreenQuad.cpp">
      <Filter>src\Graphics\Models</Filter>
    </ClCompile>
    <ClCompile Include="src\Object3D.cpp">
      <Filter>src\Graphics\Geometry</Filter>
    </ClCompile>
    <ClCompile Include="src\Menu.cpp">
      <Filter>src\UI</Filter>
    </ClCompile>
    <ClCompile Include="src\ImguiHandler.cpp">
      <Filter>src\UI</Filter>
    </ClCompile>
    <ClCompile Include="src\Texture.cpp">
      <Filter>src\Graphics\Models</Filter>
    </ClCompile>
    <ClCompile Include="src\Transform.cpp">
      <Filter>src\Graphics\Models</Filter>
    </ClCompile>
    <ClCompile Include="src\Window.cpp">
      <Filter>src\Graphics\Services</Filter>
    </ClCompile>
    <ClCompile Include="src\ScreenBufferProjector.cpp">
      <Filter>src\Graphics\Services</Filter>
    </ClCompile>
    <ClCompile Include="src\Utils.cpp">
      <Filter>src\Utils\IO</Filter>
    </ClCompile>
    <ClCompile Include="src\Application.cpp">
      <Filter>src\Core</Filter>
    </ClCompile>
    <ClCompile Include="extern\imgui\imgui.cpp">
      <Filter>src\imgui</Filter>
    </ClCompile>
    <ClCompile Include="extern\imgui\imgui_draw.cpp">
      <Filter>src\imgui</Filter>
    </ClCompile>
    <ClCompile Include="extern\imgui\imgui_impl_opengl3.cpp">
      <Filter>src\imgui</Filter>
    </ClCompile>
    <ClCompile Include="extern\imgui\imgui_impl_sdl.cpp">
      <Filter>src\imgui</Filter>
    </ClCompile>
    <ClCompile Include="extern\imgui\imgui_tables.cpp">
      <Filter>src\imgui</Filter>
    </ClCompile>
    <ClCompile Include="extern\imgui\imgui_widgets.cpp">
      <Filter>src\imgui</Filter>
    </ClCompile>
    <ClCompile Include="include\sge\IRenderer.cpp" />
  </ItemGroup>
  <ItemGroup>
    <ClInclude Include="Resources\Primitives\cube.h">
      <Filter>Resource Files\primitives</Filter>
    </ClInclude>
    <ClInclude Include="include\Application.h">
      <Filter>headers</Filter>
    </ClInclude>
    <ClInclude Include="include\sge\ApplicationConstants.h">
      <Filter>headers</Filter>
    </ClInclude>
    <ClInclude Include="include\sge\Context.h">
      <Filter>headers</Filter>
    </ClInclude>
    <ClInclude Include="include\Core.h">
      <Filter>headers</Filter>
    </ClInclude>
    <ClInclude Include="include\sge\DirectionalLight.h">
      <Filter>headers</Filter>
    </ClInclude>
    <ClInclude Include="include\sge\EditorCamera.h">
      <Filter>headers</Filter>
    </ClInclude>
    <ClInclude Include="include\sge\ElementBufferObject.h">
      <Filter>headers</Filter>
    </ClInclude>
    <ClInclude Include="include\EntryPoint.h">
      <Filter>headers</Filter>
    </ClInclude>
    <ClInclude Include="include\sge\FileUtil.h">
      <Filter>headers</Filter>
    </ClInclude>
    <ClInclude Include="include\sge\FlyCamera.h">
      <Filter>headers</Filter>
    </ClInclude>
    <ClInclude Include="include\sge\FrameBufferObject.h">
      <Filter>headers</Filter>
    </ClInclude>
    <ClInclude Include="include\sge.h">
      <Filter>headers</Filter>
    </ClInclude>
    <ClInclude Include="include\sge\Grid.h">
      <Filter>headers</Filter>
    </ClInclude>
    <ClInclude Include="include\sge\ICamera.h">
      <Filter>headers</Filter>
    </ClInclude>
    <ClInclude Include="include\sge\ImguiHandler.h">
      <Filter>headers</Filter>
    </ClInclude>
    <ClInclude Include="include\sge\Input.h">
      <Filter>headers</Filter>
    </ClInclude>
    <ClInclude Include="include\sge\IRenderer.h">
      <Filter>headers</Filter>
    </ClInclude>
    <ClInclude Include="include\sge\Keyboard.h">
      <Filter>headers</Filter>
    </ClInclude>
    <ClInclude Include="include\sge\Light.h">
      <Filter>headers</Filter>
    </ClInclude>
    <ClInclude Include="include\sge\LinearAlgebraUtil.h">
      <Filter>headers</Filter>
    </ClInclude>
    <ClInclude Include="include\sge\Logger.h">
      <Filter>headers</Filter>
    </ClInclude>
    <ClInclude Include="include\sge\Material.h">
      <Filter>headers</Filter>
    </ClInclude>
    <ClInclude Include="include\sge\Menu.h">
      <Filter>headers</Filter>
    </ClInclude>
    <ClInclude Include="include\sge\Mesh.h">
      <Filter>headers</Filter>
    </ClInclude>
    <ClInclude Include="include\sge\Model.h">
      <Filter>headers</Filter>
    </ClInclude>
    <ClInclude Include="include\sge\Mouse.h">
      <Filter>headers</Filter>
    </ClInclude>
    <ClInclude Include="include\sge\Object3D.h">
      <Filter>headers</Filter>
    </ClInclude>
    <ClInclude Include="include\sge\ObjectSelection.h">
      <Filter>headers</Filter>
    </ClInclude>
    <ClInclude Include="include\sge\PointLight.h">
      <Filter>headers</Filter>
    </ClInclude>
    <ClInclude Include="include\sge\RenderBufferObject.h">
      <Filter>headers</Filter>
    </ClInclude>
    <ClInclude Include="include\sge\Renderer.h">
      <Filter>headers</Filter>
    </ClInclude>
    <ClInclude Include="include\sge\Renderer2D.h">
      <Filter>headers</Filter>
    </ClInclude>
    <ClInclude Include="include\sge\Scene.h">
      <Filter>headers</Filter>
    </ClInclude>
    <ClInclude Include="include\sge\ScreenBufferProjector.h">
      <Filter>headers</Filter>
    </ClInclude>
    <ClInclude Include="include\sge\ScreenQuad.h">
      <Filter>headers</Filter>
    </ClInclude>
    <ClInclude Include="include\sge\Shader.h">
      <Filter>headers</Filter>
    </ClInclude>
    <ClInclude Include="include\sge\Skybox.h">
      <Filter>headers</Filter>
    </ClInclude>
    <ClInclude Include="include\sge\SkyboxRenderer.h">
      <Filter>headers</Filter>
    </ClInclude>
    <ClInclude Include="include\sge\Texture.h">
      <Filter>headers</Filter>
    </ClInclude>
    <ClInclude Include="include\sge\Transform.h">
      <Filter>headers</Filter>
    </ClInclude>
    <ClInclude Include="include\sge\Utils.h">
      <Filter>headers</Filter>
    </ClInclude>
    <ClInclude Include="include\sge\Vertex.h">
      <Filter>headers</Filter>
    </ClInclude>
    <ClInclude Include="include\sge\VertexArrayObject.h">
      <Filter>headers</Filter>
    </ClInclude>
    <ClInclude Include="include\sge\VertexBufferElement.h">
      <Filter>headers</Filter>
    </ClInclude>
    <ClInclude Include="include\sge\VertexBufferLayout.h">
      <Filter>headers</Filter>
    </ClInclude>
    <ClInclude Include="include\sge\VertexBufferObject.h">
      <Filter>headers</Filter>
    </ClInclude>
    <ClInclude Include="include\sge\Window.h">
      <Filter>headers</Filter>
    </ClInclude>
    <ClInclude Include="include\sge\Engine.h">
      <Filter>headers</Filter>
    </ClInclude>
    <ClInclude Include="extern\imgui\imconfig.h">
      <Filter>src\imgui</Filter>
    </ClInclude>
    <ClInclude Include="extern\imgui\imgui.h">
      <Filter>src\imgui</Filter>
    </ClInclude>
    <ClInclude Include="extern\imgui\imgui_impl_opengl3.h">
      <Filter>src\imgui</Filter>
    </ClInclude>
    <ClInclude Include="extern\imgui\imgui_impl_opengl3_loader.h">
      <Filter>src\imgui</Filter>
    </ClInclude>
    <ClInclude Include="extern\imgui\imgui_impl_sdl.h">
      <Filter>src\imgui</Filter>
    </ClInclude>
    <ClInclude Include="extern\imgui\imgui_internal.h">
      <Filter>src\imgui</Filter>
    </ClInclude>
    <ClInclude Include="extern\imgui\imstb_rectpack.h">
      <Filter>src\imgui</Filter>
    </ClInclude>
    <ClInclude Include="extern\imgui\imstb_textedit.h">
      <Filter>src\imgui</Filter>
    </ClInclude>
    <ClInclude Include="extern\imgui\imstb_truetype.h">
      <Filter>src\imgui</Filter>
    </ClInclude>
  </ItemGroup>
  <ItemGroup>
    <Filter Include="Resource Files">
      <UniqueIdentifier>{8b24f31b-8cfb-496f-817e-c065d616cb88}</UniqueIdentifier>
    </Filter>
    <Filter Include="Resource Files\Shaders">
      <UniqueIdentifier>{4c66b7b5-de4d-4ba9-bc74-db95538ef4b9}</UniqueIdentifier>
    </Filter>
    <Filter Include="Resource Files\primitives">
      <UniqueIdentifier>{7f516e39-8bc4-4755-8d49-bbe4f9ba0edd}</UniqueIdentifier>
    </Filter>
    <Filter Include="headers">
      <UniqueIdentifier>{35be24fb-5de3-4dd8-a3f1-ccbb93bda07e}</UniqueIdentifier>
    </Filter>
    <Filter Include="src">
      <UniqueIdentifier>{29bd9587-cf0a-4b6f-ab2f-1d00afe360b7}</UniqueIdentifier>
    </Filter>
    <Filter Include="src\Core">
      <UniqueIdentifier>{1f716301-0a4f-42f5-be7c-076dda336753}</UniqueIdentifier>
    </Filter>
    <Filter Include="src\Graphics">
      <UniqueIdentifier>{e78bc239-ab8d-497f-bdb3-d79d6179e4e9}</UniqueIdentifier>
    </Filter>
    <Filter Include="src\Graphics\Buffers">
      <UniqueIdentifier>{479d1431-06fb-4147-987f-3b1415452e84}</UniqueIdentifier>
    </Filter>
    <Filter Include="src\Graphics\Geometry">
      <UniqueIdentifier>{abef710d-2129-45e3-a701-3030e2f27e2e}</UniqueIdentifier>
    </Filter>
    <Filter Include="src\Graphics\Models">
      <UniqueIdentifier>{d2e47ffa-9f1c-4a7d-ae11-b81cd7dd84d1}</UniqueIdentifier>
    </Filter>
    <Filter Include="src\Graphics\Services">
      <UniqueIdentifier>{aeb3d1cf-2094-4fc2-acb5-3ad7bc0f80b5}</UniqueIdentifier>
    </Filter>
    <Filter Include="src\Graphics\Shaders">
      <UniqueIdentifier>{0f4ac400-c7dd-4ff7-90eb-2e917102a91e}</UniqueIdentifier>
    </Filter>
    <Filter Include="src\Graphics\Renderers">
      <UniqueIdentifier>{7a520713-4d89-4550-918d-1014a50cd5c1}</UniqueIdentifier>
    </Filter>
    <Filter Include="src\Graphics\Lights">
      <UniqueIdentifier>{dd638be7-b867-45b3-9c31-015d7e853e7c}</UniqueIdentifier>
    </Filter>
    <Filter Include="src\Graphics\Cameras">
      <UniqueIdentifier>{2fe808b3-987f-46ca-b1c9-e33211dae93f}</UniqueIdentifier>
    </Filter>
    <Filter Include="src\imgui">
      <UniqueIdentifier>{a4aa2129-8dd6-4d99-b09d-c66ab08864d2}</UniqueIdentifier>
    </Filter>
    <Filter Include="src\IO">
      <UniqueIdentifier>{7ba11584-8824-41c9-8e21-81bd02f6b11f}</UniqueIdentifier>
    </Filter>
    <Filter Include="src\UI">
      <UniqueIdentifier>{46b01195-5cea-4818-afb4-5434bcddae9b}</UniqueIdentifier>
    </Filter>
    <Filter Include="src\Utils">
      <UniqueIdentifier>{249f9b41-8168-48ca-bcf1-0a34052ae70c}</UniqueIdentifier>
    </Filter>
    <Filter Include="src\Utils\IO">
      <UniqueIdentifier>{05d54742-b4f6-46a1-9e59-8400588c97d5}</UniqueIdentifier>
    </Filter>
    <Filter Include="src\Utils\Logger">
      <UniqueIdentifier>{d7d19794-aec0-4bf7-90f3-1e4b56651eb2}</UniqueIdentifier>
    </Filter>
    <Filter Include="src\Utils\Math">
      <UniqueIdentifier>{cc76c92a-a75e-4d6a-9455-2374de9dc102}</UniqueIdentifier>
    </Filter>
  </ItemGroup>
  <ItemGroup>
    <Natvis Include="extern\imgui\imgui.natvis">
      <Filter>src\imgui</Filter>
    </Natvis>
  </ItemGroup>
</Project>