<?xml version="1.0" encoding="utf-8"?>
<Project ToolsVersion="4.0" xmlns="http://schemas.microsoft.com/developer/msbuild/2003">
  <ItemGroup>
    <Natvis Include="Vendor\imgui\imgui.natvis" />
  </ItemGroup>
  <ItemGroup>
    <ClCompile Include="Vendor\imgui\imgui.cpp" />
    <ClCompile Include="Vendor\imgui\imgui_draw.cpp" />
    <ClCompile Include="Vendor\imgui\imgui_impl_opengl3.cpp" />
    <ClCompile Include="Vendor\imgui\imgui_impl_sdl.cpp" />
    <ClCompile Include="Vendor\imgui\imgui_tables.cpp" />
    <ClCompile Include="Vendor\imgui\imgui_widgets.cpp" />
    <ClCompile Include="src\ImguiHandler.cpp" />
    <ClCompile Include="src\Menu.cpp" />
    <ClCompile Include="src\ScreenBufferProjector.cpp" />
    <ClCompile Include="src\ScreenQuad.cpp" />
    <ClCompile Include="src\Texture.cpp" />
    <ClCompile Include="src\Transform.cpp" />
    <ClCompile Include="src\Utils.cpp" />
    <ClCompile Include="src\Window.cpp" />
    <ClCompile Include="src\Context.cpp">
      <Filter>Core</Filter>
    </ClCompile>
    <ClCompile Include="src\DirectionalLight.cpp">
      <Filter>Graphics\Lights</Filter>
    </ClCompile>
    <ClCompile Include="src\EditorCamera.cpp">
      <Filter>Graphics\Cameras</Filter>
    </ClCompile>
    <ClCompile Include="src\ElementBufferObject.cpp">
      <Filter>Graphics\Buffers</Filter>
    </ClCompile>
    <ClCompile Include="src\Engine.cpp">
      <Filter>Core</Filter>
    </ClCompile>
    <ClCompile Include="src\FlyCamera.cpp">
      <Filter>Graphics\Cameras</Filter>
    </ClCompile>
    <ClCompile Include="src\FrameBufferObject.cpp">
      <Filter>Graphics\Buffers</Filter>
    </ClCompile>
    <ClCompile Include="src\FileUtil.cpp">
      <Filter>Utils\IO</Filter>
    </ClCompile>
    <ClCompile Include="src\Grid.cpp">
      <Filter>Graphics\Models</Filter>
    </ClCompile>
    <ClCompile Include="src\Input.cpp">
      <Filter>IO</Filter>
    </ClCompile>
    <ClCompile Include="src\Keyboard.cpp">
      <Filter>IO</Filter>
    </ClCompile>
    <ClCompile Include="src\Light.cpp">
      <Filter>Graphics\Lights</Filter>
    </ClCompile>
    <ClCompile Include="src\LinearAlgebraUtil.cpp">
      <Filter>Utils\Math</Filter>
    </ClCompile>
    <ClCompile Include="src\Material.cpp">
      <Filter>Graphics\Shaders</Filter>
    </ClCompile>
    <ClCompile Include="src\Mesh.cpp">
      <Filter>Graphics\Geometry</Filter>
    </ClCompile>
    <ClCompile Include="src\Model.cpp">
      <Filter>Graphics\Models</Filter>
    </ClCompile>
    <ClCompile Include="src\Mouse.cpp">
      <Filter>IO</Filter>
    </ClCompile>
    <ClCompile Include="src\ObjectSelection.cpp">
      <Filter>Graphics\Services</Filter>
    </ClCompile>
    <ClCompile Include="src\PointLight.cpp">
      <Filter>Graphics\Lights</Filter>
    </ClCompile>
    <ClCompile Include="src\Shader.cpp">
      <Filter>Graphics\Shaders</Filter>
    </ClCompile>
    <ClCompile Include="src\VertexArrayObject.cpp">
      <Filter>Graphics\Buffers</Filter>
    </ClCompile>
    <ClCompile Include="src\VertexBufferLayout.cpp">
      <Filter>Graphics\Buffers</Filter>
    </ClCompile>
    <ClCompile Include="src\VertexBufferObject.cpp">
      <Filter>Graphics\Buffers</Filter>
    </ClCompile>
    <ClCompile Include="src\Skybox.cpp">
      <Filter>Graphics\Models</Filter>
    </ClCompile>
    <ClCompile Include="src\Renderer.cpp">
      <Filter>Graphics\Renderers</Filter>
    </ClCompile>
    <ClCompile Include="src\Renderer2D.cpp">
      <Filter>Graphics\Renderers</Filter>
    </ClCompile>
    <ClCompile Include="src\SkyboxRenderer.cpp">
      <Filter>Graphics\Renderers</Filter>
    </ClCompile>
    <ClCompile Include="src\Scene.cpp">
      <Filter>Core</Filter>
    </ClCompile>
    <ClCompile Include="Object3D.cpp">
      <Filter>Graphics\Geometry</Filter>
    </ClCompile>
    <ClCompile Include="src\RenderBufferObject.cpp">
      <Filter>Graphics\Buffers</Filter>
    </ClCompile>
    <ClCompile Include="src\Object3D.cpp" />
  </ItemGroup>
  <ItemGroup>
    <ClInclude Include="Resources\Primitives\cube.h" />
    <ClInclude Include="Vendor\imgui\imconfig.h" />
    <ClInclude Include="Vendor\imgui\imgui.h" />
    <ClInclude Include="Vendor\imgui\imgui_impl_opengl3.h" />
    <ClInclude Include="Vendor\imgui\imgui_impl_opengl3_loader.h" />
    <ClInclude Include="Vendor\imgui\imgui_impl_sdl.h" />
    <ClInclude Include="Vendor\imgui\imgui_internal.h" />
    <ClInclude Include="Vendor\imgui\imstb_rectpack.h" />
    <ClInclude Include="Vendor\imgui\imstb_textedit.h" />
    <ClInclude Include="Vendor\imgui\imstb_truetype.h" />
    <ClInclude Include="src\ImguiHandler.h" />
    <ClInclude Include="src\Menu.h" />
    <ClInclude Include="src\ScreenBufferProjector.h" />
    <ClInclude Include="src\ScreenQuad.h" />
    <ClInclude Include="src\Texture.h" />
    <ClInclude Include="src\Transform.h" />
    <ClInclude Include="src\Utils.h" />
    <ClInclude Include="src\main.h" />
    <ClInclude Include="src\Window.h" />
    <ClInclude Include="src\Context.h">
      <Filter>Core</Filter>
    </ClInclude>
    <ClInclude Include="Core.h">
      <Filter>Core</Filter>
    </ClInclude>
    <ClInclude Include="src\ApplicationConstants.h">
      <Filter>Core</Filter>
    </ClInclude>
    <ClInclude Include="Application.h">
      <Filter>Core</Filter>
    </ClInclude>
    <ClInclude Include="src\DirectionalLight.h">
      <Filter>Graphics\Lights</Filter>
    </ClInclude>
    <ClInclude Include="src\EditorCamera.h">
      <Filter>Graphics\Cameras</Filter>
    </ClInclude>
    <ClInclude Include="src\ElementBufferObject.h">
      <Filter>Graphics\Buffers</Filter>
    </ClInclude>
    <ClInclude Include="Engine.h">
      <Filter>Core</Filter>
    </ClInclude>
    <ClInclude Include="EntryPoint.h">
      <Filter>Core</Filter>
    </ClInclude>
    <ClInclude Include="src\FlyCamera.h">
      <Filter>Graphics\Cameras</Filter>
    </ClInclude>
    <ClInclude Include="src\FrameBufferObject.h">
      <Filter>Graphics\Buffers</Filter>
    </ClInclude>
    <ClInclude Include="GraphicsEngine.h">
      <Filter>Core</Filter>
    </ClInclude>
    <ClInclude Include="src\ICamera.h">
      <Filter>Graphics\Cameras</Filter>
    </ClInclude>
    <ClInclude Include="src\FileUtil.h">
      <Filter>Utils\IO</Filter>
    </ClInclude>
    <ClInclude Include="src\Grid.h">
      <Filter>Graphics\Models</Filter>
    </ClInclude>
    <ClInclude Include="src\Input.h">
      <Filter>IO</Filter>
    </ClInclude>
    <ClInclude Include="src\Keyboard.h">
      <Filter>IO</Filter>
    </ClInclude>
    <ClInclude Include="src\IRenderer.h">
      <Filter>Graphics\Renderers</Filter>
    </ClInclude>
    <ClInclude Include="src\Light.h">
      <Filter>Graphics\Lights</Filter>
    </ClInclude>
    <ClInclude Include="src\LinearAlgebraUtil.h">
      <Filter>Utils\Math</Filter>
    </ClInclude>
    <ClInclude Include="src\Logger.h">
      <Filter>Utils\Logger</Filter>
    </ClInclude>
    <ClInclude Include="src\Material.h">
      <Filter>Graphics\Shaders</Filter>
    </ClInclude>
    <ClInclude Include="src\Mesh.h">
      <Filter>Graphics\Geometry</Filter>
    </ClInclude>
    <ClInclude Include="src\Model.h">
      <Filter>Graphics\Models</Filter>
    </ClInclude>
    <ClInclude Include="src\Mouse.h">
      <Filter>IO</Filter>
    </ClInclude>
    <ClInclude Include="src\ObjectSelection.h">
      <Filter>Graphics\Services</Filter>
    </ClInclude>
    <ClInclude Include="src\PointLight.h">
      <Filter>Graphics\Lights</Filter>
    </ClInclude>
    <ClInclude Include="src\Shader.h">
      <Filter>Graphics\Shaders</Filter>
    </ClInclude>
    <ClInclude Include="src\VertexArrayObject.h">
      <Filter>Graphics\Buffers</Filter>
    </ClInclude>
    <ClInclude Include="src\VertexBufferElement.h">
      <Filter>Graphics\Buffers</Filter>
    </ClInclude>
    <ClInclude Include="src\VertexBufferLayout.h">
      <Filter>Graphics\Buffers</Filter>
    </ClInclude>
    <ClInclude Include="src\VertexBufferObject.h">
      <Filter>Graphics\Buffers</Filter>
    </ClInclude>
    <ClInclude Include="src\Skybox.h">
      <Filter>Graphics\Models</Filter>
    </ClInclude>
    <ClInclude Include="src\Renderer.h">
      <Filter>Graphics\Renderers</Filter>
    </ClInclude>
    <ClInclude Include="src\Renderer2D.h">
      <Filter>Graphics\Renderers</Filter>
    </ClInclude>
    <ClInclude Include="src\SkyboxRenderer.h">
      <Filter>Graphics\Renderers</Filter>
    </ClInclude>
    <ClInclude Include="src\Scene.h">
      <Filter>Core</Filter>
    </ClInclude>
    <ClInclude Include="Object3D.h">
      <Filter>Graphics\Geometry</Filter>
    </ClInclude>
    <ClInclude Include="src\RenderBufferObject.h">
      <Filter>Graphics\Buffers</Filter>
    </ClInclude>
    <ClInclude Include="src\Object3D.h" />
  </ItemGroup>
  <ItemGroup>
    <None Include="Resources\Shaders\LightShader.frag" />
    <None Include="Resources\Shaders\LightShader.vert" />
    <None Include="Resources\Shaders\OutlineShader.frag" />
    <None Include="Resources\Shaders\ReflectionShader.frag" />
    <None Include="Resources\Shaders\ReflectionShader.vert" />
    <None Include="Resources\Shaders\RefractionShader.frag" />
    <None Include="Resources\Shaders\RefractionShader.vert" />
    <None Include="Resources\Shaders\shader.frag" />
    <None Include="Resources\Shaders\shader.vert" />
    <None Include="Resources\Shaders\SimpleShader.frag" />
    <None Include="Resources\Shaders\SimpleShader.vert" />
    <None Include="Resources\Shaders\SkyboxShader.frag" />
    <None Include="Resources\Shaders\SkyboxShader.vert" />
  </ItemGroup>
  <ItemGroup>
    <Filter Include="Core">
      <UniqueIdentifier>{1f716301-0a4f-42f5-be7c-076dda336753}</UniqueIdentifier>
    </Filter>
    <Filter Include="Graphics">
      <UniqueIdentifier>{e78bc239-ab8d-497f-bdb3-d79d6179e4e9}</UniqueIdentifier>
    </Filter>
    <Filter Include="Graphics\Buffers">
      <UniqueIdentifier>{479d1431-06fb-4147-987f-3b1415452e84}</UniqueIdentifier>
    </Filter>
    <Filter Include="Utils">
      <UniqueIdentifier>{249f9b41-8168-48ca-bcf1-0a34052ae70c}</UniqueIdentifier>
    </Filter>
    <Filter Include="Graphics\Geometry">
      <UniqueIdentifier>{abef710d-2129-45e3-a701-3030e2f27e2e}</UniqueIdentifier>
    </Filter>
    <Filter Include="Graphics\Models">
      <UniqueIdentifier>{d2e47ffa-9f1c-4a7d-ae11-b81cd7dd84d1}</UniqueIdentifier>
    </Filter>
    <Filter Include="Graphics\Services">
      <UniqueIdentifier>{aeb3d1cf-2094-4fc2-acb5-3ad7bc0f80b5}</UniqueIdentifier>
    </Filter>
    <Filter Include="Graphics\Shaders">
      <UniqueIdentifier>{0f4ac400-c7dd-4ff7-90eb-2e917102a91e}</UniqueIdentifier>
    </Filter>
    <Filter Include="Graphics\Renderers">
      <UniqueIdentifier>{7a520713-4d89-4550-918d-1014a50cd5c1}</UniqueIdentifier>
    </Filter>
    <Filter Include="Graphics\Lights">
      <UniqueIdentifier>{dd638be7-b867-45b3-9c31-015d7e853e7c}</UniqueIdentifier>
    </Filter>
    <Filter Include="Graphics\Cameras">
      <UniqueIdentifier>{2fe808b3-987f-46ca-b1c9-e33211dae93f}</UniqueIdentifier>
    </Filter>
    <Filter Include="IO">
      <UniqueIdentifier>{7ba11584-8824-41c9-8e21-81bd02f6b11f}</UniqueIdentifier>
    </Filter>
    <Filter Include="Utils\IO">
      <UniqueIdentifier>{05d54742-b4f6-46a1-9e59-8400588c97d5}</UniqueIdentifier>
    </Filter>
    <Filter Include="Utils\Logger">
      <UniqueIdentifier>{d7d19794-aec0-4bf7-90f3-1e4b56651eb2}</UniqueIdentifier>
    </Filter>
    <Filter Include="Utils\Math">
      <UniqueIdentifier>{cc76c92a-a75e-4d6a-9455-2374de9dc102}</UniqueIdentifier>
    </Filter>
  </ItemGroup>
</Project>